
Microsoft Visual Studio Solution File, Format Version 12.00
# Visual Studio Version 17
VisualStudioVersion = 17.9.34723.18
MinimumVisualStudioVersion = 10.0.40219.1
Project("{9A19103F-16F7-4668-BE54-9A1E7A4F7556}") = "Tiksible", "Tiksible\Tiksible.csproj", "{93EFCC2F-E082-43FB-843B-C2515BCC1402}"
EndProject
Project("{9A19103F-16F7-4668-BE54-9A1E7A4F7556}") = "Tiksible.Tests", "Tiksible.Tests\Tiksible.Tests.csproj", "{423ECC12-8E07-4881-A6B2-88F3319DF88D}"
EndProject
Project("{9A19103F-16F7-4668-BE54-9A1E7A4F7556}") = "Tiksible.Theater", "Tiksible.Theater\Tiksible.Theater.csproj", "{37953232-1A85-486B-8A17-9A06791B2BA2}"
EndProject
Project("{9A19103F-16F7-4668-BE54-9A1E7A4F7556}") = "Tiksible.Lib", "Tiksible.Lib\Tiksible.Lib.csproj", "{686C9173-6566-4840-BC29-AEB8564ECB57}"
EndProject
Project("{9A19103F-16F7-4668-BE54-9A1E7A4F7556}") = "DevConsole", "DevConsole\DevConsole.csproj", "{D7E6E863-FAE7-4E0B-9C86-90599116567C}"
EndProject
Project("{FAE04EC0-301F-11D3-BF4B-00C04F79EFBC}") = "Tiksible.ObjectGenerator", "Tiksible.ObjectGenerator\Tiksible.ObjectGenerator.csproj", "{94F33AB8-C6A0-4602-A287-E14968F7E46C}"
EndProject
Global
	GlobalSection(SolutionConfigurationPlatforms) = preSolution
		Debug|Any CPU = Debug|Any CPU
		Release|Any CPU = Release|Any CPU
	EndGlobalSection
	GlobalSection(ProjectConfigurationPlatforms) = postSolution
		{93EFCC2F-E082-43FB-843B-C2515BCC1402}.Debug|Any CPU.ActiveCfg = Debug|Any CPU
		{93EFCC2F-E082-43FB-843B-C2515BCC1402}.Debug|Any CPU.Build.0 = Debug|Any CPU
		{93EFCC2F-E082-43FB-843B-C2515BCC1402}.Release|Any CPU.ActiveCfg = Release|Any CPU
		{93EFCC2F-E082-43FB-843B-C2515BCC1402}.Release|Any CPU.Build.0 = Release|Any CPU
		{423ECC12-8E07-4881-A6B2-88F3319DF88D}.Debug|Any CPU.ActiveCfg = Debug|Any CPU
		{423ECC12-8E07-4881-A6B2-88F3319DF88D}.Debug|Any CPU.Build.0 = Debug|Any CPU
		{423ECC12-8E07-4881-A6B2-88F3319DF88D}.Release|Any CPU.ActiveCfg = Release|Any CPU
		{423ECC12-8E07-4881-A6B2-88F3319DF88D}.Release|Any CPU.Build.0 = Release|Any CPU
		{37953232-1A85-486B-8A17-9A06791B2BA2}.Debug|Any CPU.ActiveCfg = Debug|Any CPU
		{37953232-1A85-486B-8A17-9A06791B2BA2}.Debug|Any CPU.Build.0 = Debug|Any CPU
		{37953232-1A85-486B-8A17-9A06791B2BA2}.Release|Any CPU.ActiveCfg = Release|Any CPU
		{37953232-1A85-486B-8A17-9A06791B2BA2}.Release|Any CPU.Build.0 = Release|Any CPU
		{686C9173-6566-4840-BC29-AEB8564ECB57}.Debug|Any CPU.ActiveCfg = Debug|Any CPU
		{686C9173-6566-4840-BC29-AEB8564ECB57}.Debug|Any CPU.Build.0 = Debug|Any CPU
		{686C9173-6566-4840-BC29-AEB8564ECB57}.Release|Any CPU.ActiveCfg = Release|Any CPU
		{686C9173-6566-4840-BC29-AEB8564ECB57}.Release|Any CPU.Build.0 = Release|Any CPU
		{D7E6E863-FAE7-4E0B-9C86-90599116567C}.Debug|Any CPU.ActiveCfg = Debug|Any CPU
		{D7E6E863-FAE7-4E0B-9C86-90599116567C}.Debug|Any CPU.Build.0 = Debug|Any CPU
		{D7E6E863-FAE7-4E0B-9C86-90599116567C}.Release|Any CPU.ActiveCfg = Release|Any CPU
		{D7E6E863-FAE7-4E0B-9C86-90599116567C}.Release|Any CPU.Build.0 = Release|Any CPU
		{94F33AB8-C6A0-4602-A287-E14968F7E46C}.Debug|Any CPU.ActiveCfg = Debug|Any CPU
		{94F33AB8-C6A0-4602-A287-E14968F7E46C}.Debug|Any CPU.Build.0 = Debug|Any CPU
		{94F33AB8-C6A0-4602-A287-E14968F7E46C}.Release|Any CPU.ActiveCfg = Release|Any CPU
		{94F33AB8-C6A0-4602-A287-E14968F7E46C}.Release|Any CPU.Build.0 = Release|Any CPU
	EndGlobalSection
	GlobalSection(SolutionProperties) = preSolution
		HideSolutionNode = FALSE
	EndGlobalSection
	GlobalSection(ExtensibilityGlobals) = postSolution
		SolutionGuid = {42543146-70B3-49DC-8DA2-71B8234958E5}
	EndGlobalSection
EndGlobal
